
Microsoft Visual Studio Solution File, Format Version 12.00
# Visual Studio Version 16
VisualStudioVersion = 16.0.30717.126
MinimumVisualStudioVersion = 10.0.40219.1
Project("{FAE04EC0-301F-11D3-BF4B-00C04F79EFBC}") = "exmo-trader-bot-console", "exmo-trader-bot-console.csproj", "{D5005926-0829-4ADE-8C53-593CE3C4EA32}"
EndProject
Global
	GlobalSection(SolutionConfigurationPlatforms) = preSolution
		Debug|Any CPU = Debug|Any CPU
		Release|Any CPU = Release|Any CPU
	EndGlobalSection
	GlobalSection(ProjectConfigurationPlatforms) = postSolution
		{D5005926-0829-4ADE-8C53-593CE3C4EA32}.Debug|Any CPU.ActiveCfg = Debug|Any CPU
		{D5005926-0829-4ADE-8C53-593CE3C4EA32}.Debug|Any CPU.Build.0 = Debug|Any CPU
		{D5005926-0829-4ADE-8C53-593CE3C4EA32}.Release|Any CPU.ActiveCfg = Release|Any CPU
		{D5005926-0829-4ADE-8C53-593CE3C4EA32}.Release|Any CPU.Build.0 = Release|Any CPU
	EndGlobalSection
	GlobalSection(SolutionProperties) = preSolution
		HideSolutionNode = FALSE
	EndGlobalSection
	GlobalSection(ExtensibilityGlobals) = postSolution
		SolutionGuid = {4E3DCCE9-3FEA-4D1B-BDFF-93D644D32DF7}
	EndGlobalSection
EndGlobal
